
Microsoft Visual Studio Solution File, Format Version 12.00
# Visual Studio Version 17
VisualStudioVersion = 17.0.31611.283
MinimumVisualStudioVersion = 10.0.40219.1
Project("{9A19103F-16F7-4668-BE54-9A1E7A4F7556}") = "MonkeyFinder", "MonkeyFinder\MonkeyFinder.csproj", "{92B2322A-57F6-4947-8F57-D81D268954E8}"
EndProject
Project("{9A19103F-16F7-4668-BE54-9A1E7A4F7556}") = "MonkeyFinder_Practice", "MonkeyFinder_Practice\MonkeyFinder_Practice.csproj", "{E6845E66-D6A4-42EE-9989-E6AADAF58F42}"
EndProject
Project("{2150E333-8FDC-42A3-9474-1A3956D46DE8}") = "DataBinding", "DataBinding", "{EA113B20-AF3A-41B0-98D8-81C2C0D57DDC}"
EndProject
Project("{9A19103F-16F7-4668-BE54-9A1E7A4F7556}") = "MauiAppDemo", "DataBinding\MauiAppDemo\MauiAppDemo.csproj", "{357E3C40-8798-4402-A6EF-529A27CBB768}"
EndProject
Project("{9A19103F-16F7-4668-BE54-9A1E7A4F7556}") = "DataBinding_Practice", "DataBinding\DataBinding_Practice\DataBinding_Practice.csproj", "{9473323E-4351-4687-97AE-7D382AF7423D}"
EndProject
Project("{9A19103F-16F7-4668-BE54-9A1E7A4F7556}") = "DataBinding_CommunityToolkit", "DataBinding_CommunityToolkit\DataBinding_CommunityToolkit.csproj", "{4F84377D-DC06-4378-898F-60A01CA03852}"
EndProject
Project("{2150E333-8FDC-42A3-9474-1A3956D46DE8}") = "Navigation", "Navigation", "{9AEA70DF-2E68-48F9-9E64-0EE923C9C6D9}"
EndProject
Project("{9A19103F-16F7-4668-BE54-9A1E7A4F7556}") = "PageNavigation", "PageNavigation\PageNavigation.csproj", "{EF259254-847C-411A-99DB-8642146E9D39}"
EndProject
Project("{2150E333-8FDC-42A3-9474-1A3956D46DE8}") = "Tabs", "Tabs", "{1C118390-250C-4D81-8962-7B001C18DDB9}"
EndProject
Project("{FAE04EC0-301F-11D3-BF4B-00C04F79EFBC}") = "TabDemo", "Tabs\TabDemo\TabDemo.csproj", "{F3D2836A-3501-4203-839C-1FD6DECB0CB4}"
EndProject
Global
	GlobalSection(SolutionConfigurationPlatforms) = preSolution
		Debug|Any CPU = Debug|Any CPU
		Release|Any CPU = Release|Any CPU
	EndGlobalSection
	GlobalSection(ProjectConfigurationPlatforms) = postSolution
		{92B2322A-57F6-4947-8F57-D81D268954E8}.Debug|Any CPU.ActiveCfg = Debug|Any CPU
		{92B2322A-57F6-4947-8F57-D81D268954E8}.Debug|Any CPU.Build.0 = Debug|Any CPU
		{92B2322A-57F6-4947-8F57-D81D268954E8}.Debug|Any CPU.Deploy.0 = Debug|Any CPU
		{92B2322A-57F6-4947-8F57-D81D268954E8}.Release|Any CPU.ActiveCfg = Release|Any CPU
		{92B2322A-57F6-4947-8F57-D81D268954E8}.Release|Any CPU.Build.0 = Release|Any CPU
		{92B2322A-57F6-4947-8F57-D81D268954E8}.Release|Any CPU.Deploy.0 = Release|Any CPU
		{E6845E66-D6A4-42EE-9989-E6AADAF58F42}.Debug|Any CPU.ActiveCfg = Debug|Any CPU
		{E6845E66-D6A4-42EE-9989-E6AADAF58F42}.Debug|Any CPU.Build.0 = Debug|Any CPU
		{E6845E66-D6A4-42EE-9989-E6AADAF58F42}.Debug|Any CPU.Deploy.0 = Debug|Any CPU
		{E6845E66-D6A4-42EE-9989-E6AADAF58F42}.Release|Any CPU.ActiveCfg = Release|Any CPU
		{E6845E66-D6A4-42EE-9989-E6AADAF58F42}.Release|Any CPU.Build.0 = Release|Any CPU
		{E6845E66-D6A4-42EE-9989-E6AADAF58F42}.Release|Any CPU.Deploy.0 = Release|Any CPU
		{357E3C40-8798-4402-A6EF-529A27CBB768}.Debug|Any CPU.ActiveCfg = Debug|Any CPU
		{357E3C40-8798-4402-A6EF-529A27CBB768}.Debug|Any CPU.Build.0 = Debug|Any CPU
		{357E3C40-8798-4402-A6EF-529A27CBB768}.Debug|Any CPU.Deploy.0 = Debug|Any CPU
		{357E3C40-8798-4402-A6EF-529A27CBB768}.Release|Any CPU.ActiveCfg = Release|Any CPU
		{357E3C40-8798-4402-A6EF-529A27CBB768}.Release|Any CPU.Build.0 = Release|Any CPU
		{357E3C40-8798-4402-A6EF-529A27CBB768}.Release|Any CPU.Deploy.0 = Release|Any CPU
		{9473323E-4351-4687-97AE-7D382AF7423D}.Debug|Any CPU.ActiveCfg = Debug|Any CPU
		{9473323E-4351-4687-97AE-7D382AF7423D}.Debug|Any CPU.Build.0 = Debug|Any CPU
		{9473323E-4351-4687-97AE-7D382AF7423D}.Debug|Any CPU.Deploy.0 = Debug|Any CPU
		{9473323E-4351-4687-97AE-7D382AF7423D}.Release|Any CPU.ActiveCfg = Release|Any CPU
		{9473323E-4351-4687-97AE-7D382AF7423D}.Release|Any CPU.Build.0 = Release|Any CPU
		{9473323E-4351-4687-97AE-7D382AF7423D}.Release|Any CPU.Deploy.0 = Release|Any CPU
		{4F84377D-DC06-4378-898F-60A01CA03852}.Debug|Any CPU.ActiveCfg = Debug|Any CPU
		{4F84377D-DC06-4378-898F-60A01CA03852}.Debug|Any CPU.Build.0 = Debug|Any CPU
		{4F84377D-DC06-4378-898F-60A01CA03852}.Debug|Any CPU.Deploy.0 = Debug|Any CPU
		{4F84377D-DC06-4378-898F-60A01CA03852}.Release|Any CPU.ActiveCfg = Release|Any CPU
		{4F84377D-DC06-4378-898F-60A01CA03852}.Release|Any CPU.Build.0 = Release|Any CPU
		{4F84377D-DC06-4378-898F-60A01CA03852}.Release|Any CPU.Deploy.0 = Release|Any CPU
		{EF259254-847C-411A-99DB-8642146E9D39}.Debug|Any CPU.ActiveCfg = Debug|Any CPU
		{EF259254-847C-411A-99DB-8642146E9D39}.Debug|Any CPU.Build.0 = Debug|Any CPU
		{EF259254-847C-411A-99DB-8642146E9D39}.Debug|Any CPU.Deploy.0 = Debug|Any CPU
		{EF259254-847C-411A-99DB-8642146E9D39}.Release|Any CPU.ActiveCfg = Release|Any CPU
		{EF259254-847C-411A-99DB-8642146E9D39}.Release|Any CPU.Build.0 = Release|Any CPU
		{EF259254-847C-411A-99DB-8642146E9D39}.Release|Any CPU.Deploy.0 = Release|Any CPU
		{F3D2836A-3501-4203-839C-1FD6DECB0CB4}.Debug|Any CPU.ActiveCfg = Debug|Any CPU
		{F3D2836A-3501-4203-839C-1FD6DECB0CB4}.Debug|Any CPU.Build.0 = Debug|Any CPU
		{F3D2836A-3501-4203-839C-1FD6DECB0CB4}.Debug|Any CPU.Deploy.0 = Debug|Any CPU
		{F3D2836A-3501-4203-839C-1FD6DECB0CB4}.Release|Any CPU.ActiveCfg = Release|Any CPU
		{F3D2836A-3501-4203-839C-1FD6DECB0CB4}.Release|Any CPU.Build.0 = Release|Any CPU
		{F3D2836A-3501-4203-839C-1FD6DECB0CB4}.Release|Any CPU.Deploy.0 = Release|Any CPU
	EndGlobalSection
	GlobalSection(SolutionProperties) = preSolution
		HideSolutionNode = FALSE
	EndGlobalSection
	GlobalSection(NestedProjects) = preSolution
		{357E3C40-8798-4402-A6EF-529A27CBB768} = {EA113B20-AF3A-41B0-98D8-81C2C0D57DDC}
		{9473323E-4351-4687-97AE-7D382AF7423D} = {EA113B20-AF3A-41B0-98D8-81C2C0D57DDC}
		{4F84377D-DC06-4378-898F-60A01CA03852} = {EA113B20-AF3A-41B0-98D8-81C2C0D57DDC}
		{EF259254-847C-411A-99DB-8642146E9D39} = {9AEA70DF-2E68-48F9-9E64-0EE923C9C6D9}
		{F3D2836A-3501-4203-839C-1FD6DECB0CB4} = {1C118390-250C-4D81-8962-7B001C18DDB9}
	EndGlobalSection
	GlobalSection(ExtensibilityGlobals) = postSolution
		SolutionGuid = {61F7FB11-1E47-470C-91E2-47F8143E1572}
	EndGlobalSection
EndGlobal
